
Microsoft Visual Studio Solution File, Format Version 12.00
# Visual Studio Version 16
VisualStudioVersion = 16.0.29215.179
MinimumVisualStudioVersion = 10.0.40219.1
Project("{9A19103F-16F7-4668-BE54-9A1E7A4F7556}") = "Hilma.Domain", "Hilma.Domain\Hilma.Domain.csproj", "{9B03334D-BFF9-41D6-979C-638597ABFC2F}"
EndProject
Project("{9A19103F-16F7-4668-BE54-9A1E7A4F7556}") = "Hilma.MigrationExample", "Hilma.MigrationExample\Hilma.MigrationExample.csproj", "{A827B46A-AD22-46CB-9078-BA8A28209DF9}"
EndProject
Project("{9A19103F-16F7-4668-BE54-9A1E7A4F7556}") = "Hilma.Tests", "Hilma.Tests\Hilma.Tests.csproj", "{CA7174C6-6753-449F-9809-8F245C2293B7}"
EndProject
Global
	GlobalSection(SolutionConfigurationPlatforms) = preSolution
		Debug|Any CPU = Debug|Any CPU
		Release|Any CPU = Release|Any CPU
	EndGlobalSection
	GlobalSection(ProjectConfigurationPlatforms) = postSolution
		{0454492E-38BC-4BC7-B6C3-2147054FC808}.Debug|Any CPU.ActiveCfg = Debug|Any CPU
		{0454492E-38BC-4BC7-B6C3-2147054FC808}.Release|Any CPU.ActiveCfg = Release|Any CPU
		{9B03334D-BFF9-41D6-979C-638597ABFC2F}.Debug|Any CPU.ActiveCfg = Debug|Any CPU
		{9B03334D-BFF9-41D6-979C-638597ABFC2F}.Debug|Any CPU.Build.0 = Debug|Any CPU
		{9B03334D-BFF9-41D6-979C-638597ABFC2F}.Release|Any CPU.ActiveCfg = Release|Any CPU
		{9B03334D-BFF9-41D6-979C-638597ABFC2F}.Release|Any CPU.Build.0 = Release|Any CPU
		{A827B46A-AD22-46CB-9078-BA8A28209DF9}.Debug|Any CPU.ActiveCfg = Debug|Any CPU
		{A827B46A-AD22-46CB-9078-BA8A28209DF9}.Release|Any CPU.ActiveCfg = Release|Any CPU
		{A827B46A-AD22-46CB-9078-BA8A28209DF9}.Release|Any CPU.Build.0 = Release|Any CPU
		{CA7174C6-6753-449F-9809-8F245C2293B7}.Debug|Any CPU.ActiveCfg = Debug|Any CPU
		{CA7174C6-6753-449F-9809-8F245C2293B7}.Debug|Any CPU.Build.0 = Debug|Any CPU
		{CA7174C6-6753-449F-9809-8F245C2293B7}.Release|Any CPU.ActiveCfg = Release|Any CPU
		{CA7174C6-6753-449F-9809-8F245C2293B7}.Release|Any CPU.Build.0 = Release|Any CPU
	EndGlobalSection
	GlobalSection(SolutionProperties) = preSolution
		HideSolutionNode = FALSE
	EndGlobalSection
	GlobalSection(ExtensibilityGlobals) = postSolution
		SolutionGuid = {C4A33684-ED41-4775-840D-B52589743965}
	EndGlobalSection
EndGlobal
